
Microsoft Visual Studio Solution File, Format Version 11.00
# Visual Studio 2010
Project("{FAE04EC0-301F-11D3-BF4B-00C04F79EFBC}") = "Dropdownlistbindingtoxml", "Dropdownlistbindingtoxml\Dropdownlistbindingtoxml.csproj", "{6A238A0C-39D2-4FAE-8EE1-5C92BBD9E0F1}"
EndProject
Global
	GlobalSection(SolutionConfigurationPlatforms) = preSolution
		Debug|Any CPU = Debug|Any CPU
		Release|Any CPU = Release|Any CPU
	EndGlobalSection
	GlobalSection(ProjectConfigurationPlatforms) = postSolution
		{6A238A0C-39D2-4FAE-8EE1-5C92BBD9E0F1}.Debug|Any CPU.ActiveCfg = Debug|Any CPU
		{6A238A0C-39D2-4FAE-8EE1-5C92BBD9E0F1}.Debug|Any CPU.Build.0 = Debug|Any CPU
		{6A238A0C-39D2-4FAE-8EE1-5C92BBD9E0F1}.Release|Any CPU.ActiveCfg = Release|Any CPU
		{6A238A0C-39D2-4FAE-8EE1-5C92BBD9E0F1}.Release|Any CPU.Build.0 = Release|Any CPU
	EndGlobalSection
	GlobalSection(SolutionProperties) = preSolution
		HideSolutionNode = FALSE
	EndGlobalSection
EndGlobal
